// !$*UTF8*$!
{
	archiveVersion = 1;
	classes = {
	};
	objectVersion = 50;
	objects = {

/* Begin PBXBuildFile section */
		55E3020E2376715600A1D044 /* AppDelegate.swift in Sources */ = {isa = PBXBuildFile; fileRef = 55E3020D2376715600A1D044 /* AppDelegate.swift */; };
		55E302102376715600A1D044 /* SceneDelegate.swift in Sources */ = {isa = PBXBuildFile; fileRef = 55E3020F2376715600A1D044 /* SceneDelegate.swift */; };
		55E302122376715600A1D044 /* ViewController.swift in Sources */ = {isa = PBXBuildFile; fileRef = 55E302112376715600A1D044 /* ViewController.swift */; };
		55E302152376715600A1D044 /* Main.storyboard in Resources */ = {isa = PBXBuildFile; fileRef = 55E302132376715600A1D044 /* Main.storyboard */; };
		55E302172376715600A1D044 /* Assets.xcassets in Resources */ = {isa = PBXBuildFile; fileRef = 55E302162376715600A1D044 /* Assets.xcassets */; };
		55E3021A2376715600A1D044 /* LaunchScreen.storyboard in Resources */ = {isa = PBXBuildFile; fileRef = 55E302182376715600A1D044 /* LaunchScreen.storyboard */; };
/* End PBXBuildFile section */

/* Begin PBXFileReference section */
		55E3020A2376715600A1D044 /* C0764112_MidTerm_MAD3115F2019-p2.app */ = {isa = PBXFileReference; explicitFileType = wrapper.application; includeInIndex = 0; path = "C0764112_MidTerm_MAD3115F2019-p2.app"; sourceTree = BUILT_PRODUCTS_DIR; };
		55E3020D2376715600A1D044 /* AppDelegate.swift */ = {isa = PBXFileReference; lastKnownFileType = sourcecode.swift; path = AppDelegate.swift; sourceTree = "<group>"; };
		55E3020F2376715600A1D044 /* SceneDelegate.swift */ = {isa = PBXFileReference; lastKnownFileType = sourcecode.swift; path = SceneDelegate.swift; sourceTree = "<group>"; };
		55E302112376715600A1D044 /* ViewController.swift */ = {isa = PBXFileReference; lastKnownFileType = sourcecode.swift; path = ViewController.swift; sourceTree = "<group>"; };
		55E302142376715600A1D044 /* Base */ = {isa = PBXFileReference; lastKnownFileType = file.storyboard; name = Base; path = Base.lproj/Main.storyboard; sourceTree = "<group>"; };
		55E302162376715600A1D044 /* Assets.xcassets */ = {isa = PBXFileReference; lastKnownFileType = folder.assetcatalog; path = Assets.xcassets; sourceTree = "<group>"; };
		55E302192376715600A1D044 /* Base */ = {isa = PBXFileReference; lastKnownFileType = file.storyboard; name = Base; path = Base.lproj/LaunchScreen.storyboard; sourceTree = "<group>"; };
		55E3021B2376715600A1D044 /* Info.plist */ = {isa = PBXFileReference; lastKnownFileType = text.plist.xml; path = Info.plist; sourceTree = "<group>"; };
/* End PBXFileReference section */

/* Begin PBXFrameworksBuildPhase section */
		55E302072376715600A1D044 /* Frameworks */ = {
			isa = PBXFrameworksBuildPhase;
			buildActionMask = 2147483647;
			files = (
			);
			runOnlyForDeploymentPostprocessing = 0;
		};
/* End PBXFrameworksBuildPhase section */

/* Begin PBXGroup section */
		55E302012376715600A1D044 = {
			isa = PBXGroup;
			children = (
				55E3020C2376715600A1D044 /* C0764112_MidTerm_MAD3115F2019-p2 */,
				55E3020B2376715600A1D044 /* Products */,
			);
			sourceTree = "<group>";
		};
		55E3020B2376715600A1D044 /* Products */ = {
			isa = PBXGroup;
			children = (
				55E3020A2376715600A1D044 /* C0764112_MidTerm_MAD3115F2019-p2.app */,
			);
			name = Products;
			sourceTree = "<group>";
		};
		55E3020C2376715600A1D044 /* C0764112_MidTerm_MAD3115F2019-p2 */ = {
			isa = PBXGroup;
			children = (
				55E3020D2376715600A1D044 /* AppDelegate.swift */,
				55E3020F2376715600A1D044 /* SceneDelegate.swift */,
				55E302112376715600A1D044 /* ViewController.swift */,
				55E302132376715600A1D044 /* Main.storyboard */,
				55E302162376715600A1D044 /* Assets.xcassets */,
				55E302182376715600A1D044 /* LaunchScreen.storyboard */,
				55E3021B2376715600A1D044 /* Info.plist */,
			);
			path = "C0764112_MidTerm_MAD3115F2019-p2";
			sourceTree = "<group>";
		};
/* End PBXGroup section */

/* Begin PBXNativeTarget section */
		55E302092376715600A1D044 /* C0764112_MidTerm_MAD3115F2019-p2 */ = {
			isa = PBXNativeTarget;
			buildConfigurationList = 55E3021E2376715600A1D044 /* Build configuration list for PBXNativeTarget "C0764112_MidTerm_MAD3115F2019-p2" */;
			buildPhases = (
				55E302062376715600A1D044 /* Sources */,
				55E302072376715600A1D044 /* Frameworks */,
				55E302082376715600A1D044 /* Resources */,
			);
			buildRules = (
			);
			dependencies = (
			);
			name = "C0764112_MidTerm_MAD3115F2019-p2";
			productName = "C0764112_MidTerm_MAD3115F2019-p2";
			productReference = 55E3020A2376715600A1D044 /* C0764112_MidTerm_MAD3115F2019-p2.app */;
			productType = "com.apple.product-type.application";
		};
/* End PBXNativeTarget section */

/* Begin PBXProject section */
		55E302022376715600A1D044 /* Project object */ = {
			isa = PBXProject;
			attributes = {
				LastSwiftUpdateCheck = 1110;
				LastUpgradeCheck = 1110;
				ORGANIZATIONNAME = Sandeep;
				TargetAttributes = {
					55E302092376715600A1D044 = {
						CreatedOnToolsVersion = 11.1;
					};
				};
			};
			buildConfigurationList = 55E302052376715600A1D044 /* Build configuration list for PBXProject "C0764112_MidTerm_MAD3115F2019-p2" */;
			compatibilityVersion = "Xcode 9.3";
			developmentRegion = en;
			hasScannedForEncodings = 0;
			knownRegions = (
				en,
				Base,
			);
			mainGroup = 55E302012376715600A1D044;
			productRefGroup = 55E3020B2376715600A1D044 /* Products */;
			projectDirPath = "";
			projectRoot = "";
			targets = (
				55E302092376715600A1D044 /* C0764112_MidTerm_MAD3115F2019-p2 */,
			);
		};
/* End PBXProject section */

/* Begin PBXResourcesBuildPhase section */
		55E302082376715600A1D044 /* Resources */ = {
			isa = PBXResourcesBuildPhase;
			buildActionMask = 2147483647;
			files = (
				55E3021A2376715600A1D044 /* LaunchScreen.storyboard in Resources */,
				55E302172376715600A1D044 /* Assets.xcassets in Resources */,
				55E302152376715600A1D044 /* Main.storyboard in Resources */,
			);
			runOnlyForDeploymentPostprocessing = 0;
		};
/* End PBXResourcesBuildPhase section */

/* Begin PBXSourcesBuildPhase section */
		55E302062376715600A1D044 /* Sources */ = {
			isa = PBXSourcesBuildPhase;
			buildActionMask = 2147483647;
			files = (
				55E302122376715600A1D044 /* ViewController.swift in Sources */,
				55E3020E2376715600A1D044 /* AppDelegate.swift in Sources */,
				55E302102376715600A1D044 /* SceneDelegate.swift in Sources */,
			);
			runOnlyForDeploymentPostprocessing = 0;
		};
/* End PBXSourcesBuildPhase section */

/* Begin PBXVariantGroup section */
		55E302132376715600A1D044 /* Main.storyboard */ = {
			isa = PBXVariantGroup;
			children = (
				55E302142376715600A1D044 /* Base */,
			);
			name = Main.storyboard;
			sourceTree = "<group>";
		};
		55E302182376715600A1D044 /* LaunchScreen.storyboard */ = {
			isa = PBXVariantGroup;
			children = (
				55E302192376715600A1D044 /* Base */,
			);
			name = LaunchScreen.storyboard;
			sourceTree = "<group>";
		};
/* End PBXVariantGroup section */

/* Begin XCBuildConfiguration section */
		55E3021C2376715600A1D044 /* Debug */ = {
			isa = XCBuildConfiguration;
			buildSettings = {
				ALWAYS_SEARCH_USER_PATHS = NO;
				CLANG_ANALYZER_NONNULL = YES;
				CLANG_ANALYZER_NUMBER_OBJECT_CONVERSION = YES_AGGRESSIVE;
				CLANG_CXX_LANGUAGE_STANDARD = "gnu++14";
				CLANG_CXX_LIBRARY = "libc++";
				CLANG_ENABLE_MODULES = YES;
				CLANG_ENABLE_OBJC_ARC = YES;
				CLANG_ENABLE_OBJC_WEAK = YES;
				CLANG_WARN_BLOCK_CAPTURE_AUTORELEASING = YES;
				CLANG_WARN_BOOL_CONVERSION = YES;
				CLANG_WARN_COMMA = YES;
				CLANG_WARN_CONSTANT_CONVERSION = YES;
				CLANG_WARN_DEPRECATED_OBJC_IMPLEMENTATIONS = YES;
				CLANG_WARN_DIRECT_OBJC_ISA_USAGE = YES_ERROR;
				CLANG_WARN_DOCUMENTATION_COMMENTS = YES;
				CLANG_WARN_EMPTY_BODY = YES;
				CLANG_WARN_ENUM_CONVERSION = YES;
				CLANG_WARN_INFINITE_RECURSION = YES;
				CLANG_WARN_INT_CONVERSION = YES;
				CLANG_WARN_NON_LITERAL_NULL_CONVERSION = YES;
				CLANG_WARN_OBJC_IMPLICIT_RETAIN_SELF = YES;
				CLANG_WARN_OBJC_LITERAL_CONVERSION = YES;
				CLANG_WARN_OBJC_ROOT_CLASS = YES_ERROR;
				CLANG_WARN_RANGE_LOOP_ANALYSIS = YES;
				CLANG_WARN_STRICT_PROTOTYPES = YES;
				CLANG_WARN_SUSPICIOUS_MOVE = YES;
				CLANG_WARN_UNGUARDED_AVAILABILITY = YES_AGGRESSIVE;
				CLANG_WARN_UNREACHABLE_CODE = YES;
				CLANG_WARN__DUPLICATE_METHOD_MATCH = YES;
				COPY_PHASE_STRIP = NO;
				DEBUG_INFORMATION_FORMAT = dwarf;
				ENABLE_STRICT_OBJC_MSGSEND = YES;
				ENABLE_TESTABILITY = YES;
				GCC_C_LANGUAGE_STANDARD = gnu11;
				GCC_DYNAMIC_NO_PIC = NO;
				GCC_NO_COMMON_BLOCKS = YES;
				GCC_OPTIMIZATION_LEVEL = 0;
				GCC_PREPROCESSOR_DEFINITIONS = (
					"DEBUG=1",
					"$(inherited)",
				);
				GCC_WARN_64_TO_32_BIT_CONVERSION = YES;
				GCC_WARN_ABOUT_RETURN_TYPE = YES_ERROR;
				GCC_WARN_UNDECLARED_SELECTOR = YES;
				GCC_WARN_UNINITIALIZED_AUTOS = YES_AGGRESSIVE;
				GCC_WARN_UNUSED_FUNCTION = YES;
				GCC_WARN_UNUSED_VARIABLE = YES;
				IPHONEOS_DEPLOYMENT_TARGET = 13.1;
				MTL_ENABLE_DEBUG_INFO = INCLUDE_SOURCE;
				MTL_FAST_MATH = YES;
				ONLY_ACTIVE_ARCH = YES;
				SDKROOT = iphoneos;
				SWIFT_ACTIVE_COMPILATION_CONDITIONS = DEBUG;
				SWIFT_OPTIMIZATION_LEVEL = "-Onone";
			};
			name = Debug;
		};
		55E3021D2376715600A1D044 /* Release */ = {
			isa = XCBuildConfiguration;
			buildSettings = {
				ALWAYS_SEARCH_USER_PATHS = NO;
				CLANG_ANALYZER_NONNULL = YES;
				CLANG_ANALYZER_NUMBER_OBJECT_CONVERSION = YES_AGGRESSIVE;
				CLANG_CXX_LANGUAGE_STANDARD = "gnu++14";
				CLANG_CXX_LIBRARY = "libc++";
				CLANG_ENABLE_MODULES = YES;
				CLANG_ENABLE_OBJC_ARC = YES;
				CLANG_ENABLE_OBJC_WEAK = YES;
				CLANG_WARN_BLOCK_CAPTURE_AUTORELEASING = YES;
				CLANG_WARN_BOOL_CONVERSION = YES;
				CLANG_WARN_COMMA = YES;
				CLANG_WARN_CONSTANT_CONVERSION = YES;
				CLANG_WARN_DEPRECATED_OBJC_IMPLEMENTATIONS = YES;
				CLANG_WARN_DIRECT_OBJC_ISA_USAGE = YES_ERROR;
				CLANG_WARN_DOCUMENTATION_COMMENTS = YES;
				CLANG_WARN_EMPTY_BODY = YES;
				CLANG_WARN_ENUM_CONVERSION = YES;
				CLANG_WARN_INFINITE_RECURSION = YES;
				CLANG_WARN_INT_CONVERSION = YES;
				CLANG_WARN_NON_LITERAL_NULL_CONVERSION = YES;
				CLANG_WARN_OBJC_IMPLICIT_RETAIN_SELF = YES;
				CLANG_WARN_OBJC_LITERAL_CONVERSION = YES;
				CLANG_WARN_OBJC_ROOT_CLASS = YES_ERROR;
				CLANG_WARN_RANGE_LOOP_ANALYSIS = YES;
				CLANG_WARN_STRICT_PROTOTYPES = YES;
				CLANG_WARN_SUSPICIOUS_MOVE = YES;
				CLANG_WARN_UNGUARDED_AVAILABILITY = YES_AGGRESSIVE;
				CLANG_WARN_UNREACHABLE_CODE = YES;
				CLANG_WARN__DUPLICATE_METHOD_MATCH = YES;
				COPY_PHASE_STRIP = NO;
				DEBUG_INFORMATION_FORMAT = "dwarf-with-dsym";
				ENABLE_NS_ASSERTIONS = NO;
				ENABLE_STRICT_OBJC_MSGSEND = YES;
				GCC_C_LANGUAGE_STANDARD = gnu11;
				GCC_NO_COMMON_BLOCKS = YES;
				GCC_WARN_64_TO_32_BIT_CONVERSION = YES;
				GCC_WARN_ABOUT_RETURN_TYPE = YES_ERROR;
				GCC_WARN_UNDECLARED_SELECTOR = YES;
				GCC_WARN_UNINITIALIZED_AUTOS = YES_AGGRESSIVE;
				GCC_WARN_UNUSED_FUNCTION = YES;
				GCC_WARN_UNUSED_VARIABLE = YES;
				IPHONEOS_DEPLOYMENT_TARGET = 13.1;
				MTL_ENABLE_DEBUG_INFO = NO;
				MTL_FAST_MATH = YES;
				SDKROOT = iphoneos;
				SWIFT_COMPILATION_MODE = wholemodule;
				SWIFT_OPTIMIZATION_LEVEL = "-O";
				VALIDATE_PRODUCT = YES;
			};
			name = Release;
		};
		55E3021F2376715600A1D044 /* Debug */ = {
			isa = XCBuildConfiguration;
			buildSettings = {
				ASSETCATALOG_COMPILER_APPICON_NAME = AppIcon;
				CODE_SIGN_STYLE = Automatic;
				INFOPLIST_FILE = "C0764112_MidTerm_MAD3115F2019-p2/Info.plist";
				LD_RUNPATH_SEARCH_PATHS = (
					"$(inherited)",
					"@executable_path/Frameworks",
				);
				PRODUCT_BUNDLE_IDENTIFIER = "com.Sandeep.C0764112-MidTerm-MAD3115F2019-p2";
				PRODUCT_NAME = "$(TARGET_NAME)";
				SWIFT_VERSION = 5.0;
				TARGETED_DEVICE_FAMILY = "1,2";
			};
			name = Debug;
		};
		55E302202376715600A1D044 /* Release */ = {
			isa = XCBuildConfiguration;
			buildSettings = {
				ASSETCATALOG_COMPILER_APPICON_NAME = AppIcon;
				CODE_SIGN_STYLE = Automatic;
				INFOPLIST_FILE = "C0764112_MidTerm_MAD3115F2019-p2/Info.plist";
				LD_RUNPATH_SEARCH_PATHS = (
					"$(inherited)",
					"@executable_path/Frameworks",
				);
				PRODUCT_BUNDLE_IDENTIFIER = "com.Sandeep.C0764112-MidTerm-MAD3115F2019-p2";
				PRODUCT_NAME = "$(TARGET_NAME)";
				SWIFT_VERSION = 5.0;
				TARGETED_DEVICE_FAMILY = "1,2";
			};
			name = Release;
		};
/* End XCBuildConfiguration section */

/* Begin XCConfigurationList section */
		55E302052376715600A1D044 /* Build configuration list for PBXProject "C0764112_MidTerm_MAD3115F2019-p2" */ = {
			isa = XCConfigurationList;
			buildConfigurations = (
				55E3021C2376715600A1D044 /* Debug */,
				55E3021D2376715600A1D044 /* Release */,
			);
			defaultConfigurationIsVisible = 0;
			defaultConfigurationName = Release;
		};
		55E3021E2376715600A1D044 /* Build configuration list for PBXNativeTarget "C0764112_MidTerm_MAD3115F2019-p2" */ = {
			isa = XCConfigurationList;
			buildConfigurations = (
				55E3021F2376715600A1D044 /* Debug */,
				55E302202376715600A1D044 /* Release */,
			);
			defaultConfigurationIsVisible = 0;
			defaultConfigurationName = Release;
		};
/* End XCConfigurationList section */
	};
	rootObject = 55E302022376715600A1D044 /* Project object */;
}
